// !$*UTF8*$!
{
	archiveVersion = 1;
	classes = {
	};
	objectVersion = 47;
	objects = {

/* Begin PBXBuildFile section */
		0076B4961B8137070012CCD8 /* Weakify.h in Headers */ = {isa = PBXBuildFile; fileRef = 0076B4951B8137070012CCD8 /* Weakify.h */; settings = {ATTRIBUTES = (Public, ); }; };
		0076B4B31B8138150012CCD8 /* Weakify.swift in Sources */ = {isa = PBXBuildFile; fileRef = 0076B4B21B8138150012CCD8 /* Weakify.swift */; };
		0076B4B71B8138DE0012CCD8 /* WeakifySpec.swift in Sources */ = {isa = PBXBuildFile; fileRef = 0076B4B61B8138DE0012CCD8 /* WeakifySpec.swift */; };
		09BF0CCC345082344286DF27 /* Pods_Weakify_tvOSTests.framework in Frameworks */ = {isa = PBXBuildFile; fileRef = A00A7F29E838C3DF0BEC8AEA /* Pods_Weakify_tvOSTests.framework */; };
		5679825D54A278E42FDC69D0 /* Pods_Weakify_OSXTests.framework in Frameworks */ = {isa = PBXBuildFile; fileRef = 378C9BF682CF9FF01D573166 /* Pods_Weakify_OSXTests.framework */; };
		792982EB1BE1D967006CCA66 /* Weakify.framework in Frameworks */ = {isa = PBXBuildFile; fileRef = 792982E11BE1D966006CCA66 /* Weakify.framework */; };
		792982F81BE1D98D006CCA66 /* Weakify.swift in Sources */ = {isa = PBXBuildFile; fileRef = 0076B4B21B8138150012CCD8 /* Weakify.swift */; };
		792982F91BE1D992006CCA66 /* Weakify.h in Headers */ = {isa = PBXBuildFile; fileRef = 0076B4951B8137070012CCD8 /* Weakify.h */; settings = {ATTRIBUTES = (Public, ); }; };
		792982FA1BE1D99B006CCA66 /* WeakifySpec.swift in Sources */ = {isa = PBXBuildFile; fileRef = 0076B4B61B8138DE0012CCD8 /* WeakifySpec.swift */; };
		7929830A1BE1DE22006CCA66 /* Weakify.h in Headers */ = {isa = PBXBuildFile; fileRef = 0076B4951B8137070012CCD8 /* Weakify.h */; settings = {ATTRIBUTES = (Public, ); }; };
		7929830B1BE1DE2B006CCA66 /* Weakify.swift in Sources */ = {isa = PBXBuildFile; fileRef = 0076B4B21B8138150012CCD8 /* Weakify.swift */; };
		795D9DBD1B968ACC00C428E4 /* Weakify.swift in Sources */ = {isa = PBXBuildFile; fileRef = 0076B4B21B8138150012CCD8 /* Weakify.swift */; };
		795D9DBE1B968ACF00C428E4 /* Weakify.h in Headers */ = {isa = PBXBuildFile; fileRef = 0076B4951B8137070012CCD8 /* Weakify.h */; settings = {ATTRIBUTES = (Public, ); }; };
		795D9DBF1B968AE100C428E4 /* WeakifySpec.swift in Sources */ = {isa = PBXBuildFile; fileRef = 0076B4B61B8138DE0012CCD8 /* WeakifySpec.swift */; };
		795D9DC01B968D1200C428E4 /* Weakify.framework in Frameworks */ = {isa = PBXBuildFile; fileRef = 795D9DA41B968A7C00C428E4 /* Weakify.framework */; };
		795D9DC11B968D1A00C428E4 /* Weakify.framework in Frameworks */ = {isa = PBXBuildFile; fileRef = 0076B4901B8137070012CCD8 /* Weakify.framework */; };
		A468BCB1A79924CC99941C1F /* Pods_Weakify_iOSTests.framework in Frameworks */ = {isa = PBXBuildFile; fileRef = E9B5DB3E8AC3F618A2DFB704 /* Pods_Weakify_iOSTests.framework */; };
/* End PBXBuildFile section */

/* Begin PBXContainerItemProxy section */
		0076B49D1B8137070012CCD8 /* PBXContainerItemProxy */ = {
			isa = PBXContainerItemProxy;
			containerPortal = 0076B4871B8137070012CCD8 /* Project object */;
			proxyType = 1;
			remoteGlobalIDString = 0076B48F1B8137070012CCD8;
			remoteInfo = Weakify;
		};
		792982EC1BE1D967006CCA66 /* PBXContainerItemProxy */ = {
			isa = PBXContainerItemProxy;
			containerPortal = 0076B4871B8137070012CCD8 /* Project object */;
			proxyType = 1;
			remoteGlobalIDString = 792982E01BE1D966006CCA66;
			remoteInfo = "Weakify-tvOS";
		};
		795D9DB01B968A7C00C428E4 /* PBXContainerItemProxy */ = {
			isa = PBXContainerItemProxy;
			containerPortal = 0076B4871B8137070012CCD8 /* Project object */;
			proxyType = 1;
			remoteGlobalIDString = 795D9DA31B968A7C00C428E4;
			remoteInfo = "Weakify-OSX";
		};
/* End PBXContainerItemProxy section */

/* Begin PBXFileReference section */
		0076B4901B8137070012CCD8 /* Weakify.framework */ = {isa = PBXFileReference; explicitFileType = wrapper.framework; includeInIndex = 0; path = Weakify.framework; sourceTree = BUILT_PRODUCTS_DIR; };
		0076B4941B8137070012CCD8 /* Info.plist */ = {isa = PBXFileReference; lastKnownFileType = text.plist.xml; path = Info.plist; sourceTree = "<group>"; };
		0076B4951B8137070012CCD8 /* Weakify.h */ = {isa = PBXFileReference; lastKnownFileType = sourcecode.c.h; path = Weakify.h; sourceTree = "<group>"; };
		0076B49B1B8137070012CCD8 /* Weakify-iOSTests.xctest */ = {isa = PBXFileReference; explicitFileType = wrapper.cfbundle; includeInIndex = 0; path = "Weakify-iOSTests.xctest"; sourceTree = BUILT_PRODUCTS_DIR; };
		0076B4A11B8137070012CCD8 /* Info.plist */ = {isa = PBXFileReference; lastKnownFileType = text.plist.xml; path = Info.plist; sourceTree = "<group>"; };
		0076B4AC1B8137690012CCD8 /* LICENSE */ = {isa = PBXFileReference; fileEncoding = 4; lastKnownFileType = text; path = LICENSE; sourceTree = "<group>"; };
		0076B4AD1B8137690012CCD8 /* README.md */ = {isa = PBXFileReference; fileEncoding = 4; lastKnownFileType = net.daringfireball.markdown; path = README.md; sourceTree = "<group>"; };
		0076B4AE1B8137690012CCD8 /* Weakify.podspec */ = {isa = PBXFileReference; explicitFileType = text.script.ruby; fileEncoding = 4; path = Weakify.podspec; sourceTree = "<group>"; };
		0076B4B21B8138150012CCD8 /* Weakify.swift */ = {isa = PBXFileReference; fileEncoding = 4; lastKnownFileType = sourcecode.swift; path = Weakify.swift; sourceTree = "<group>"; };
		0076B4B61B8138DE0012CCD8 /* WeakifySpec.swift */ = {isa = PBXFileReference; fileEncoding = 4; lastKnownFileType = sourcecode.swift; path = WeakifySpec.swift; sourceTree = "<group>"; };
		0076B4B91B8189360012CCD8 /* .travis.yml */ = {isa = PBXFileReference; fileEncoding = 4; lastKnownFileType = text; path = .travis.yml; sourceTree = "<group>"; };
		378C9BF682CF9FF01D573166 /* Pods_Weakify_OSXTests.framework */ = {isa = PBXFileReference; explicitFileType = wrapper.framework; includeInIndex = 0; path = Pods_Weakify_OSXTests.framework; sourceTree = BUILT_PRODUCTS_DIR; };
		6FDBD52D36BD4B7B63A77828 /* Pods-Weakify-tvOSTests.debug.xcconfig */ = {isa = PBXFileReference; includeInIndex = 1; lastKnownFileType = text.xcconfig; name = "Pods-Weakify-tvOSTests.debug.xcconfig"; path = "Pods/Target Support Files/Pods-Weakify-tvOSTests/Pods-Weakify-tvOSTests.debug.xcconfig"; sourceTree = "<group>"; };
		792982E11BE1D966006CCA66 /* Weakify.framework */ = {isa = PBXFileReference; explicitFileType = wrapper.framework; includeInIndex = 0; path = Weakify.framework; sourceTree = BUILT_PRODUCTS_DIR; };
		792982EA1BE1D966006CCA66 /* Weakify-tvOSTests.xctest */ = {isa = PBXFileReference; explicitFileType = wrapper.cfbundle; includeInIndex = 0; path = "Weakify-tvOSTests.xctest"; sourceTree = BUILT_PRODUCTS_DIR; };
		795CFEF71BA132AD008B20FD /* Weakify.framework */ = {isa = PBXFileReference; explicitFileType = wrapper.framework; includeInIndex = 0; path = Weakify.framework; sourceTree = BUILT_PRODUCTS_DIR; };
		795D9DA41B968A7C00C428E4 /* Weakify.framework */ = {isa = PBXFileReference; explicitFileType = wrapper.framework; includeInIndex = 0; path = Weakify.framework; sourceTree = BUILT_PRODUCTS_DIR; };
		795D9DAE1B968A7C00C428E4 /* Weakify-OSXTests.xctest */ = {isa = PBXFileReference; explicitFileType = wrapper.cfbundle; includeInIndex = 0; path = "Weakify-OSXTests.xctest"; sourceTree = BUILT_PRODUCTS_DIR; };
		795D9DD91B969BA900C428E4 /* CHANGELOG.md */ = {isa = PBXFileReference; fileEncoding = 4; lastKnownFileType = net.daringfireball.markdown; path = CHANGELOG.md; sourceTree = "<group>"; };
		7980F4A61C3CB5DE00511EB3 /* Package.swift */ = {isa = PBXFileReference; lastKnownFileType = sourcecode.swift; path = Package.swift; sourceTree = "<group>"; };
		8003561416F09546738329D0 /* Pods-Weakify-tvOSTests.release.xcconfig */ = {isa = PBXFileReference; includeInIndex = 1; lastKnownFileType = text.xcconfig; name = "Pods-Weakify-tvOSTests.release.xcconfig"; path = "Pods/Target Support Files/Pods-Weakify-tvOSTests/Pods-Weakify-tvOSTests.release.xcconfig"; sourceTree = "<group>"; };
		A00A7F29E838C3DF0BEC8AEA /* Pods_Weakify_tvOSTests.framework */ = {isa = PBXFileReference; explicitFileType = wrapper.framework; includeInIndex = 0; path = Pods_Weakify_tvOSTests.framework; sourceTree = BUILT_PRODUCTS_DIR; };
		A0E542B263D19D5C8D38F61C /* Pods-Weakify-iOSTests.release.xcconfig */ = {isa = PBXFileReference; includeInIndex = 1; lastKnownFileType = text.xcconfig; name = "Pods-Weakify-iOSTests.release.xcconfig"; path = "Pods/Target Support Files/Pods-Weakify-iOSTests/Pods-Weakify-iOSTests.release.xcconfig"; sourceTree = "<group>"; };
		D2400C61E22A8D60ECCC23CC /* Pods-Weakify-iOSTests.debug.xcconfig */ = {isa = PBXFileReference; includeInIndex = 1; lastKnownFileType = text.xcconfig; name = "Pods-Weakify-iOSTests.debug.xcconfig"; path = "Pods/Target Support Files/Pods-Weakify-iOSTests/Pods-Weakify-iOSTests.debug.xcconfig"; sourceTree = "<group>"; };
		E9B5DB3E8AC3F618A2DFB704 /* Pods_Weakify_iOSTests.framework */ = {isa = PBXFileReference; explicitFileType = wrapper.framework; includeInIndex = 0; path = Pods_Weakify_iOSTests.framework; sourceTree = BUILT_PRODUCTS_DIR; };
		EDB63B2CBAA02779F392C2EB /* Pods-Weakify-OSXTests.debug.xcconfig */ = {isa = PBXFileReference; includeInIndex = 1; lastKnownFileType = text.xcconfig; name = "Pods-Weakify-OSXTests.debug.xcconfig"; path = "Pods/Target Support Files/Pods-Weakify-OSXTests/Pods-Weakify-OSXTests.debug.xcconfig"; sourceTree = "<group>"; };
		EF6EA5B4DB9E25146FD99765 /* Pods-Weakify-OSXTests.release.xcconfig */ = {isa = PBXFileReference; includeInIndex = 1; lastKnownFileType = text.xcconfig; name = "Pods-Weakify-OSXTests.release.xcconfig"; path = "Pods/Target Support Files/Pods-Weakify-OSXTests/Pods-Weakify-OSXTests.release.xcconfig"; sourceTree = "<group>"; };
/* End PBXFileReference section */

/* Begin PBXFrameworksBuildPhase section */
		0076B48C1B8137070012CCD8 /* Frameworks */ = {
			isa = PBXFrameworksBuildPhase;
			buildActionMask = 2147483647;
			files = (
			);
			runOnlyForDeploymentPostprocessing = 0;
		};
		0076B4981B8137070012CCD8 /* Frameworks */ = {
			isa = PBXFrameworksBuildPhase;
			buildActionMask = 2147483647;
			files = (
				795D9DC11B968D1A00C428E4 /* Weakify.framework in Frameworks */,
				A468BCB1A79924CC99941C1F /* Pods_Weakify_iOSTests.framework in Frameworks */,
			);
			runOnlyForDeploymentPostprocessing = 0;
		};
		792982DD1BE1D966006CCA66 /* Frameworks */ = {
			isa = PBXFrameworksBuildPhase;
			buildActionMask = 2147483647;
			files = (
			);
			runOnlyForDeploymentPostprocessing = 0;
		};
		792982E71BE1D966006CCA66 /* Frameworks */ = {
			isa = PBXFrameworksBuildPhase;
			buildActionMask = 2147483647;
			files = (
				792982EB1BE1D967006CCA66 /* Weakify.framework in Frameworks */,
				09BF0CCC345082344286DF27 /* Pods_Weakify_tvOSTests.framework in Frameworks */,
			);
			runOnlyForDeploymentPostprocessing = 0;
		};
		795CFEF31BA132AD008B20FD /* Frameworks */ = {
			isa = PBXFrameworksBuildPhase;
			buildActionMask = 2147483647;
			files = (
			);
			runOnlyForDeploymentPostprocessing = 0;
		};
		795D9DA01B968A7C00C428E4 /* Frameworks */ = {
			isa = PBXFrameworksBuildPhase;
			buildActionMask = 2147483647;
			files = (
			);
			runOnlyForDeploymentPostprocessing = 0;
		};
		795D9DAB1B968A7C00C428E4 /* Frameworks */ = {
			isa = PBXFrameworksBuildPhase;
			buildActionMask = 2147483647;
			files = (
				795D9DC01B968D1200C428E4 /* Weakify.framework in Frameworks */,
				5679825D54A278E42FDC69D0 /* Pods_Weakify_OSXTests.framework in Frameworks */,
			);
			runOnlyForDeploymentPostprocessing = 0;
		};
/* End PBXFrameworksBuildPhase section */

/* Begin PBXGroup section */
		0076B4861B8137070012CCD8 = {
			isa = PBXGroup;
			children = (
				0076B4921B8137070012CCD8 /* Weakify */,
				0076B49F1B8137070012CCD8 /* WeakifyTests */,
				0076B4B81B813A390012CCD8 /* Project Information */,
				0076B4911B8137070012CCD8 /* Products */,
				6D181517DA20CFADF58C5D85 /* Pods */,
				13F70C32E3A3B0CB4D5393BC /* Frameworks */,
			);
			sourceTree = "<group>";
		};
		0076B4911B8137070012CCD8 /* Products */ = {
			isa = PBXGroup;
			children = (
				0076B4901B8137070012CCD8 /* Weakify.framework */,
				0076B49B1B8137070012CCD8 /* Weakify-iOSTests.xctest */,
				795D9DA41B968A7C00C428E4 /* Weakify.framework */,
				795D9DAE1B968A7C00C428E4 /* Weakify-OSXTests.xctest */,
				795CFEF71BA132AD008B20FD /* Weakify.framework */,
				792982E11BE1D966006CCA66 /* Weakify.framework */,
				792982EA1BE1D966006CCA66 /* Weakify-tvOSTests.xctest */,
			);
			name = Products;
			sourceTree = "<group>";
		};
		0076B4921B8137070012CCD8 /* Weakify */ = {
			isa = PBXGroup;
			children = (
				0076B4B21B8138150012CCD8 /* Weakify.swift */,
				0076B4951B8137070012CCD8 /* Weakify.h */,
				0076B4931B8137070012CCD8 /* Supporting Files */,
			);
			name = Weakify;
			path = Sources;
			sourceTree = "<group>";
		};
		0076B4931B8137070012CCD8 /* Supporting Files */ = {
			isa = PBXGroup;
			children = (
				0076B4941B8137070012CCD8 /* Info.plist */,
			);
			name = "Supporting Files";
			sourceTree = "<group>";
		};
		0076B49F1B8137070012CCD8 /* WeakifyTests */ = {
			isa = PBXGroup;
			children = (
				0076B4B61B8138DE0012CCD8 /* WeakifySpec.swift */,
				0076B4A01B8137070012CCD8 /* Supporting Files */,
			);
			path = WeakifyTests;
			sourceTree = "<group>";
		};
		0076B4A01B8137070012CCD8 /* Supporting Files */ = {
			isa = PBXGroup;
			children = (
				0076B4A11B8137070012CCD8 /* Info.plist */,
			);
			name = "Supporting Files";
			sourceTree = "<group>";
		};
		0076B4B81B813A390012CCD8 /* Project Information */ = {
			isa = PBXGroup;
			children = (
				0076B4B91B8189360012CCD8 /* .travis.yml */,
				0076B4AC1B8137690012CCD8 /* LICENSE */,
				0076B4AD1B8137690012CCD8 /* README.md */,
				0076B4AE1B8137690012CCD8 /* Weakify.podspec */,
				795D9DD91B969BA900C428E4 /* CHANGELOG.md */,
				7980F4A61C3CB5DE00511EB3 /* Package.swift */,
			);
			name = "Project Information";
			sourceTree = "<group>";
		};
		13F70C32E3A3B0CB4D5393BC /* Frameworks */ = {
			isa = PBXGroup;
			children = (
				378C9BF682CF9FF01D573166 /* Pods_Weakify_OSXTests.framework */,
				E9B5DB3E8AC3F618A2DFB704 /* Pods_Weakify_iOSTests.framework */,
				A00A7F29E838C3DF0BEC8AEA /* Pods_Weakify_tvOSTests.framework */,
			);
			name = Frameworks;
			sourceTree = "<group>";
		};
		6D181517DA20CFADF58C5D85 /* Pods */ = {
			isa = PBXGroup;
			children = (
				EDB63B2CBAA02779F392C2EB /* Pods-Weakify-OSXTests.debug.xcconfig */,
				EF6EA5B4DB9E25146FD99765 /* Pods-Weakify-OSXTests.release.xcconfig */,
				D2400C61E22A8D60ECCC23CC /* Pods-Weakify-iOSTests.debug.xcconfig */,
				A0E542B263D19D5C8D38F61C /* Pods-Weakify-iOSTests.release.xcconfig */,
				6FDBD52D36BD4B7B63A77828 /* Pods-Weakify-tvOSTests.debug.xcconfig */,
				8003561416F09546738329D0 /* Pods-Weakify-tvOSTests.release.xcconfig */,
			);
			name = Pods;
			sourceTree = "<group>";
		};
/* End PBXGroup section */

/* Begin PBXHeadersBuildPhase section */
		0076B48D1B8137070012CCD8 /* Headers */ = {
			isa = PBXHeadersBuildPhase;
			buildActionMask = 2147483647;
			files = (
				0076B4961B8137070012CCD8 /* Weakify.h in Headers */,
			);
			runOnlyForDeploymentPostprocessing = 0;
		};
		792982DE1BE1D966006CCA66 /* Headers */ = {
			isa = PBXHeadersBuildPhase;
			buildActionMask = 2147483647;
			files = (
				792982F91BE1D992006CCA66 /* Weakify.h in Headers */,
			);
			runOnlyForDeploymentPostprocessing = 0;
		};
		795CFEF41BA132AD008B20FD /* Headers */ = {
			isa = PBXHeadersBuildPhase;
			buildActionMask = 2147483647;
			files = (
				7929830A1BE1DE22006CCA66 /* Weakify.h in Headers */,
			);
			runOnlyForDeploymentPostprocessing = 0;
		};
		795D9DA11B968A7C00C428E4 /* Headers */ = {
			isa = PBXHeadersBuildPhase;
			buildActionMask = 2147483647;
			files = (
				795D9DBE1B968ACF00C428E4 /* Weakify.h in Headers */,
			);
			runOnlyForDeploymentPostprocessing = 0;
		};
/* End PBXHeadersBuildPhase section */

/* Begin PBXNativeTarget section */
		0076B48F1B8137070012CCD8 /* Weakify-iOS */ = {
			isa = PBXNativeTarget;
			buildConfigurationList = 0076B4A61B8137070012CCD8 /* Build configuration list for PBXNativeTarget "Weakify-iOS" */;
			buildPhases = (
				0076B48B1B8137070012CCD8 /* Sources */,
				0076B48C1B8137070012CCD8 /* Frameworks */,
				0076B48D1B8137070012CCD8 /* Headers */,
				0076B48E1B8137070012CCD8 /* Resources */,
			);
			buildRules = (
			);
			dependencies = (
			);
			name = "Weakify-iOS";
			productName = Weakify;
			productReference = 0076B4901B8137070012CCD8 /* Weakify.framework */;
			productType = "com.apple.product-type.framework";
		};
		0076B49A1B8137070012CCD8 /* Weakify-iOSTests */ = {
			isa = PBXNativeTarget;
			buildConfigurationList = 0076B4A91B8137070012CCD8 /* Build configuration list for PBXNativeTarget "Weakify-iOSTests" */;
			buildPhases = (
				79BA72FAE9C34EE3B929A5C0 /* [CP] Check Pods Manifest.lock */,
				0076B4971B8137070012CCD8 /* Sources */,
				0076B4981B8137070012CCD8 /* Frameworks */,
				0076B4991B8137070012CCD8 /* Resources */,
				289FAABC6CC39F1A3575EF9C /* [CP] Embed Pods Frameworks */,
				58D9A758D55D88C836711C51 /* [CP] Copy Pods Resources */,
			);
			buildRules = (
			);
			dependencies = (
				0076B49E1B8137070012CCD8 /* PBXTargetDependency */,
			);
			name = "Weakify-iOSTests";
			productName = WeakifyTests;
			productReference = 0076B49B1B8137070012CCD8 /* Weakify-iOSTests.xctest */;
			productType = "com.apple.product-type.bundle.unit-test";
		};
		792982E01BE1D966006CCA66 /* Weakify-tvOS */ = {
			isa = PBXNativeTarget;
			buildConfigurationList = 792982F61BE1D967006CCA66 /* Build configuration list for PBXNativeTarget "Weakify-tvOS" */;
			buildPhases = (
				792982DC1BE1D966006CCA66 /* Sources */,
				792982DD1BE1D966006CCA66 /* Frameworks */,
				792982DE1BE1D966006CCA66 /* Headers */,
				792982DF1BE1D966006CCA66 /* Resources */,
			);
			buildRules = (
			);
			dependencies = (
			);
			name = "Weakify-tvOS";
			productName = "Weakify-tvOS";
			productReference = 792982E11BE1D966006CCA66 /* Weakify.framework */;
			productType = "com.apple.product-type.framework";
		};
		792982E91BE1D966006CCA66 /* Weakify-tvOSTests */ = {
			isa = PBXNativeTarget;
			buildConfigurationList = 792982F71BE1D967006CCA66 /* Build configuration list for PBXNativeTarget "Weakify-tvOSTests" */;
			buildPhases = (
				78A21FBAEFC69CA241295127 /* [CP] Check Pods Manifest.lock */,
				792982E61BE1D966006CCA66 /* Sources */,
				792982E71BE1D966006CCA66 /* Frameworks */,
				792982E81BE1D966006CCA66 /* Resources */,
				E3F7CFB44A9061423AAE76F3 /* [CP] Embed Pods Frameworks */,
				B8A5674AE82704487E1B8B14 /* [CP] Copy Pods Resources */,
			);
			buildRules = (
			);
			dependencies = (
				792982ED1BE1D967006CCA66 /* PBXTargetDependency */,
			);
			name = "Weakify-tvOSTests";
			productName = "Weakify-tvOSTests";
			productReference = 792982EA1BE1D966006CCA66 /* Weakify-tvOSTests.xctest */;
			productType = "com.apple.product-type.bundle.unit-test";
		};
		795CFEF61BA132AD008B20FD /* Weakify-watchOS */ = {
			isa = PBXNativeTarget;
			buildConfigurationList = 795CFEFC1BA132AD008B20FD /* Build configuration list for PBXNativeTarget "Weakify-watchOS" */;
			buildPhases = (
				795CFEF21BA132AD008B20FD /* Sources */,
				795CFEF31BA132AD008B20FD /* Frameworks */,
				795CFEF41BA132AD008B20FD /* Headers */,
				795CFEF51BA132AD008B20FD /* Resources */,
			);
			buildRules = (
			);
			dependencies = (
			);
			name = "Weakify-watchOS";
			productName = Weakify;
			productReference = 795CFEF71BA132AD008B20FD /* Weakify.framework */;
			productType = "com.apple.product-type.framework";
		};
		795D9DA31B968A7C00C428E4 /* Weakify-OSX */ = {
			isa = PBXNativeTarget;
			buildConfigurationList = 795D9DB71B968A7C00C428E4 /* Build configuration list for PBXNativeTarget "Weakify-OSX" */;
			buildPhases = (
				795D9D9F1B968A7C00C428E4 /* Sources */,
				795D9DA01B968A7C00C428E4 /* Frameworks */,
				795D9DA11B968A7C00C428E4 /* Headers */,
				795D9DA21B968A7C00C428E4 /* Resources */,
			);
			buildRules = (
			);
			dependencies = (
			);
			name = "Weakify-OSX";
			productName = "Weakify-OSX";
			productReference = 795D9DA41B968A7C00C428E4 /* Weakify.framework */;
			productType = "com.apple.product-type.framework";
		};
		795D9DAD1B968A7C00C428E4 /* Weakify-OSXTests */ = {
			isa = PBXNativeTarget;
			buildConfigurationList = 795D9DBA1B968A7C00C428E4 /* Build configuration list for PBXNativeTarget "Weakify-OSXTests" */;
			buildPhases = (
				90AE57249FA15B985EC50EF8 /* [CP] Check Pods Manifest.lock */,
				795D9DAA1B968A7C00C428E4 /* Sources */,
				795D9DAB1B968A7C00C428E4 /* Frameworks */,
				795D9DAC1B968A7C00C428E4 /* Resources */,
				8C506934934604687D411229 /* [CP] Embed Pods Frameworks */,
				2285C4A1D8CF1A081142B8D8 /* [CP] Copy Pods Resources */,
			);
			buildRules = (
			);
			dependencies = (
				795D9DB11B968A7C00C428E4 /* PBXTargetDependency */,
			);
			name = "Weakify-OSXTests";
			productName = "Weakify-OSXTests";
			productReference = 795D9DAE1B968A7C00C428E4 /* Weakify-OSXTests.xctest */;
			productType = "com.apple.product-type.bundle.unit-test";
		};
/* End PBXNativeTarget section */

/* Begin PBXProject section */
		0076B4871B8137070012CCD8 /* Project object */ = {
			isa = PBXProject;
			attributes = {
				LastSwiftMigration = 0700;
				LastSwiftUpdateCheck = 0710;
				LastUpgradeCheck = 0700;
				ORGANIZATIONNAME = "Kevin Lundberg";
				TargetAttributes = {
					0076B48F1B8137070012CCD8 = {
						CreatedOnToolsVersion = 6.4;
					};
					0076B49A1B8137070012CCD8 = {
						CreatedOnToolsVersion = 6.4;
					};
					792982E01BE1D966006CCA66 = {
						CreatedOnToolsVersion = 7.1;
					};
					792982E91BE1D966006CCA66 = {
						CreatedOnToolsVersion = 7.1;
					};
					795CFEF61BA132AD008B20FD = {
						CreatedOnToolsVersion = 7.0;
					};
					795D9DA31B968A7C00C428E4 = {
						CreatedOnToolsVersion = 6.4;
					};
					795D9DAD1B968A7C00C428E4 = {
						CreatedOnToolsVersion = 6.4;
					};
				};
			};
			buildConfigurationList = 0076B48A1B8137070012CCD8 /* Build configuration list for PBXProject "Weakify" */;
			compatibilityVersion = "Xcode 6.3";
			developmentRegion = English;
			hasScannedForEncodings = 0;
			knownRegions = (
				en,
			);
			mainGroup = 0076B4861B8137070012CCD8;
			productRefGroup = 0076B4911B8137070012CCD8 /* Products */;
			projectDirPath = "";
			projectRoot = "";
			targets = (
				0076B48F1B8137070012CCD8 /* Weakify-iOS */,
				0076B49A1B8137070012CCD8 /* Weakify-iOSTests */,
				795D9DA31B968A7C00C428E4 /* Weakify-OSX */,
				795D9DAD1B968A7C00C428E4 /* Weakify-OSXTests */,
				795CFEF61BA132AD008B20FD /* Weakify-watchOS */,
				792982E01BE1D966006CCA66 /* Weakify-tvOS */,
				792982E91BE1D966006CCA66 /* Weakify-tvOSTests */,
			);
		};
/* End PBXProject section */

/* Begin PBXResourcesBuildPhase section */
		0076B48E1B8137070012CCD8 /* Resources */ = {
			isa = PBXResourcesBuildPhase;
			buildActionMask = 2147483647;
			files = (
			);
			runOnlyForDeploymentPostprocessing = 0;
		};
		0076B4991B8137070012CCD8 /* Resources */ = {
			isa = PBXResourcesBuildPhase;
			buildActionMask = 2147483647;
			files = (
			);
			runOnlyForDeploymentPostprocessing = 0;
		};
		792982DF1BE1D966006CCA66 /* Resources */ = {
			isa = PBXResourcesBuildPhase;
			buildActionMask = 2147483647;
			files = (
			);
			runOnlyForDeploymentPostprocessing = 0;
		};
		792982E81BE1D966006CCA66 /* Resources */ = {
			isa = PBXResourcesBuildPhase;
			buildActionMask = 2147483647;
			files = (
			);
			runOnlyForDeploymentPostprocessing = 0;
		};
		795CFEF51BA132AD008B20FD /* Resources */ = {
			isa = PBXResourcesBuildPhase;
			buildActionMask = 2147483647;
			files = (
			);
			runOnlyForDeploymentPostprocessing = 0;
		};
		795D9DA21B968A7C00C428E4 /* Resources */ = {
			isa = PBXResourcesBuildPhase;
			buildActionMask = 2147483647;
			files = (
			);
			runOnlyForDeploymentPostprocessing = 0;
		};
		795D9DAC1B968A7C00C428E4 /* Resources */ = {
			isa = PBXResourcesBuildPhase;
			buildActionMask = 2147483647;
			files = (
			);
			runOnlyForDeploymentPostprocessing = 0;
		};
/* End PBXResourcesBuildPhase section */

/* Begin PBXShellScriptBuildPhase section */
		2285C4A1D8CF1A081142B8D8 /* [CP] Copy Pods Resources */ = {
			isa = PBXShellScriptBuildPhase;
			buildActionMask = 2147483647;
			files = (
			);
			inputPaths = (
			);
			name = "[CP] Copy Pods Resources";
			outputPaths = (
			);
			runOnlyForDeploymentPostprocessing = 0;
			shellPath = /bin/sh;
			shellScript = "\"${SRCROOT}/Pods/Target Support Files/Pods-Weakify-OSXTests/Pods-Weakify-OSXTests-resources.sh\"\n";
			showEnvVarsInLog = 0;
		};
		289FAABC6CC39F1A3575EF9C /* [CP] Embed Pods Frameworks */ = {
			isa = PBXShellScriptBuildPhase;
			buildActionMask = 2147483647;
			files = (
			);
			inputPaths = (
			);
			name = "[CP] Embed Pods Frameworks";
			outputPaths = (
			);
			runOnlyForDeploymentPostprocessing = 0;
			shellPath = /bin/sh;
			shellScript = "\"${SRCROOT}/Pods/Target Support Files/Pods-Weakify-iOSTests/Pods-Weakify-iOSTests-frameworks.sh\"\n";
			showEnvVarsInLog = 0;
		};
		58D9A758D55D88C836711C51 /* [CP] Copy Pods Resources */ = {
			isa = PBXShellScriptBuildPhase;
			buildActionMask = 2147483647;
			files = (
			);
			inputPaths = (
			);
			name = "[CP] Copy Pods Resources";
			outputPaths = (
			);
			runOnlyForDeploymentPostprocessing = 0;
			shellPath = /bin/sh;
			shellScript = "\"${SRCROOT}/Pods/Target Support Files/Pods-Weakify-iOSTests/Pods-Weakify-iOSTests-resources.sh\"\n";
			showEnvVarsInLog = 0;
		};
		78A21FBAEFC69CA241295127 /* [CP] Check Pods Manifest.lock */ = {
			isa = PBXShellScriptBuildPhase;
			buildActionMask = 2147483647;
			files = (
			);
			inputPaths = (
			);
			name = "[CP] Check Pods Manifest.lock";
			outputPaths = (
			);
			runOnlyForDeploymentPostprocessing = 0;
			shellPath = /bin/sh;
			shellScript = "diff \"${PODS_ROOT}/../Podfile.lock\" \"${PODS_ROOT}/Manifest.lock\" > /dev/null\nif [[ $? != 0 ]] ; then\n    cat << EOM\nerror: The sandbox is not in sync with the Podfile.lock. Run 'pod install' or update your CocoaPods installation.\nEOM\n    exit 1\nfi\n";
			showEnvVarsInLog = 0;
		};
		79BA72FAE9C34EE3B929A5C0 /* [CP] Check Pods Manifest.lock */ = {
			isa = PBXShellScriptBuildPhase;
			buildActionMask = 2147483647;
			files = (
			);
			inputPaths = (
			);
			name = "[CP] Check Pods Manifest.lock";
			outputPaths = (
			);
			runOnlyForDeploymentPostprocessing = 0;
			shellPath = /bin/sh;
			shellScript = "diff \"${PODS_ROOT}/../Podfile.lock\" \"${PODS_ROOT}/Manifest.lock\" > /dev/null\nif [[ $? != 0 ]] ; then\n    cat << EOM\nerror: The sandbox is not in sync with the Podfile.lock. Run 'pod install' or update your CocoaPods installation.\nEOM\n    exit 1\nfi\n";
			showEnvVarsInLog = 0;
		};
		8C506934934604687D411229 /* [CP] Embed Pods Frameworks */ = {
			isa = PBXShellScriptBuildPhase;
			buildActionMask = 2147483647;
			files = (
			);
			inputPaths = (
			);
			name = "[CP] Embed Pods Frameworks";
			outputPaths = (
			);
			runOnlyForDeploymentPostprocessing = 0;
			shellPath = /bin/sh;
			shellScript = "\"${SRCROOT}/Pods/Target Support Files/Pods-Weakify-OSXTests/Pods-Weakify-OSXTests-frameworks.sh\"\n";
			showEnvVarsInLog = 0;
		};
		90AE57249FA15B985EC50EF8 /* [CP] Check Pods Manifest.lock */ = {
			isa = PBXShellScriptBuildPhase;
			buildActionMask = 2147483647;
			files = (
			);
			inputPaths = (
			);
			name = "[CP] Check Pods Manifest.lock";
			outputPaths = (
			);
			runOnlyForDeploymentPostprocessing = 0;
			shellPath = /bin/sh;
			shellScript = "diff \"${PODS_ROOT}/../Podfile.lock\" \"${PODS_ROOT}/Manifest.lock\" > /dev/null\nif [[ $? != 0 ]] ; then\n    cat << EOM\nerror: The sandbox is not in sync with the Podfile.lock. Run 'pod install' or update your CocoaPods installation.\nEOM\n    exit 1\nfi\n";
			showEnvVarsInLog = 0;
		};
		B8A5674AE82704487E1B8B14 /* [CP] Copy Pods Resources */ = {
			isa = PBXShellScriptBuildPhase;
			buildActionMask = 2147483647;
			files = (
			);
			inputPaths = (
			);
			name = "[CP] Copy Pods Resources";
			outputPaths = (
			);
			runOnlyForDeploymentPostprocessing = 0;
			shellPath = /bin/sh;
			shellScript = "\"${SRCROOT}/Pods/Target Support Files/Pods-Weakify-tvOSTests/Pods-Weakify-tvOSTests-resources.sh\"\n";
			showEnvVarsInLog = 0;
		};
		E3F7CFB44A9061423AAE76F3 /* [CP] Embed Pods Frameworks */ = {
			isa = PBXShellScriptBuildPhase;
			buildActionMask = 2147483647;
			files = (
			);
			inputPaths = (
			);
			name = "[CP] Embed Pods Frameworks";
			outputPaths = (
			);
			runOnlyForDeploymentPostprocessing = 0;
			shellPath = /bin/sh;
			shellScript = "\"${SRCROOT}/Pods/Target Support Files/Pods-Weakify-tvOSTests/Pods-Weakify-tvOSTests-frameworks.sh\"\n";
			showEnvVarsInLog = 0;
		};
/* End PBXShellScriptBuildPhase section */

/* Begin PBXSourcesBuildPhase section */
		0076B48B1B8137070012CCD8 /* Sources */ = {
			isa = PBXSourcesBuildPhase;
			buildActionMask = 2147483647;
			files = (
				0076B4B31B8138150012CCD8 /* Weakify.swift in Sources */,
			);
			runOnlyForDeploymentPostprocessing = 0;
		};
		0076B4971B8137070012CCD8 /* Sources */ = {
			isa = PBXSourcesBuildPhase;
			buildActionMask = 2147483647;
			files = (
				0076B4B71B8138DE0012CCD8 /* WeakifySpec.swift in Sources */,
			);
			runOnlyForDeploymentPostprocessing = 0;
		};
		792982DC1BE1D966006CCA66 /* Sources */ = {
			isa = PBXSourcesBuildPhase;
			buildActionMask = 2147483647;
			files = (
				792982F81BE1D98D006CCA66 /* Weakify.swift in Sources */,
			);
			runOnlyForDeploymentPostprocessing = 0;
		};
		792982E61BE1D966006CCA66 /* Sources */ = {
			isa = PBXSourcesBuildPhase;
			buildActionMask = 2147483647;
			files = (
				792982FA1BE1D99B006CCA66 /* WeakifySpec.swift in Sources */,
			);
			runOnlyForDeploymentPostprocessing = 0;
		};
		795CFEF21BA132AD008B20FD /* Sources */ = {
			isa = PBXSourcesBuildPhase;
			buildActionMask = 2147483647;
			files = (
				7929830B1BE1DE2B006CCA66 /* Weakify.swift in Sources */,
			);
			runOnlyForDeploymentPostprocessing = 0;
		};
		795D9D9F1B968A7C00C428E4 /* Sources */ = {
			isa = PBXSourcesBuildPhase;
			buildActionMask = 2147483647;
			files = (
				795D9DBD1B968ACC00C428E4 /* Weakify.swift in Sources */,
			);
			runOnlyForDeploymentPostprocessing = 0;
		};
		795D9DAA1B968A7C00C428E4 /* Sources */ = {
			isa = PBXSourcesBuildPhase;
			buildActionMask = 2147483647;
			files = (
				795D9DBF1B968AE100C428E4 /* WeakifySpec.swift in Sources */,
			);
			runOnlyForDeploymentPostprocessing = 0;
		};
/* End PBXSourcesBuildPhase section */

/* Begin PBXTargetDependency section */
		0076B49E1B8137070012CCD8 /* PBXTargetDependency */ = {
			isa = PBXTargetDependency;
			target = 0076B48F1B8137070012CCD8 /* Weakify-iOS */;
			targetProxy = 0076B49D1B8137070012CCD8 /* PBXContainerItemProxy */;
		};
		792982ED1BE1D967006CCA66 /* PBXTargetDependency */ = {
			isa = PBXTargetDependency;
			target = 792982E01BE1D966006CCA66 /* Weakify-tvOS */;
			targetProxy = 792982EC1BE1D967006CCA66 /* PBXContainerItemProxy */;
		};
		795D9DB11B968A7C00C428E4 /* PBXTargetDependency */ = {
			isa = PBXTargetDependency;
			target = 795D9DA31B968A7C00C428E4 /* Weakify-OSX */;
			targetProxy = 795D9DB01B968A7C00C428E4 /* PBXContainerItemProxy */;
		};
/* End PBXTargetDependency section */

/* Begin XCBuildConfiguration section */
		0076B4A41B8137070012CCD8 /* Debug */ = {
			isa = XCBuildConfiguration;
			buildSettings = {
				ALWAYS_SEARCH_USER_PATHS = NO;
				CLANG_CXX_LANGUAGE_STANDARD = "gnu++0x";
				CLANG_CXX_LIBRARY = "libc++";
				CLANG_ENABLE_MODULES = YES;
				CLANG_ENABLE_OBJC_ARC = YES;
				CLANG_WARN_BOOL_CONVERSION = YES;
				CLANG_WARN_CONSTANT_CONVERSION = YES;
				CLANG_WARN_DIRECT_OBJC_ISA_USAGE = YES_ERROR;
				CLANG_WARN_EMPTY_BODY = YES;
				CLANG_WARN_ENUM_CONVERSION = YES;
				CLANG_WARN_INT_CONVERSION = YES;
				CLANG_WARN_OBJC_ROOT_CLASS = YES_ERROR;
				CLANG_WARN_UNREACHABLE_CODE = YES;
				CLANG_WARN__DUPLICATE_METHOD_MATCH = YES;
				"CODE_SIGN_IDENTITY[sdk=iphoneos*]" = "iPhone Developer";
				COPY_PHASE_STRIP = NO;
				CURRENT_PROJECT_VERSION = 1;
				DEBUG_INFORMATION_FORMAT = "dwarf-with-dsym";
				ENABLE_STRICT_OBJC_MSGSEND = YES;
				ENABLE_TESTABILITY = YES;
				GCC_C_LANGUAGE_STANDARD = gnu99;
				GCC_DYNAMIC_NO_PIC = NO;
				GCC_NO_COMMON_BLOCKS = YES;
				GCC_OPTIMIZATION_LEVEL = 0;
				GCC_PREPROCESSOR_DEFINITIONS = (
					"DEBUG=1",
					"$(inherited)",
				);
				GCC_SYMBOLS_PRIVATE_EXTERN = NO;
				GCC_WARN_64_TO_32_BIT_CONVERSION = YES;
				GCC_WARN_ABOUT_RETURN_TYPE = YES_ERROR;
				GCC_WARN_UNDECLARED_SELECTOR = YES;
				GCC_WARN_UNINITIALIZED_AUTOS = YES_AGGRESSIVE;
				GCC_WARN_UNUSED_FUNCTION = YES;
				GCC_WARN_UNUSED_VARIABLE = YES;
				IPHONEOS_DEPLOYMENT_TARGET = 8.0;
				MACOSX_DEPLOYMENT_TARGET = 10.9;
				MTL_ENABLE_DEBUG_INFO = YES;
				ONLY_ACTIVE_ARCH = YES;
				SDKROOT = iphoneos;
				SWIFT_OPTIMIZATION_LEVEL = "-Onone";
				TARGETED_DEVICE_FAMILY = "1,2";
				VERSIONING_SYSTEM = "apple-generic";
				VERSION_INFO_PREFIX = "";
			};
			name = Debug;
		};
		0076B4A51B8137070012CCD8 /* Release */ = {
			isa = XCBuildConfiguration;
			buildSettings = {
				ALWAYS_SEARCH_USER_PATHS = NO;
				CLANG_CXX_LANGUAGE_STANDARD = "gnu++0x";
				CLANG_CXX_LIBRARY = "libc++";
				CLANG_ENABLE_MODULES = YES;
				CLANG_ENABLE_OBJC_ARC = YES;
				CLANG_WARN_BOOL_CONVERSION = YES;
				CLANG_WARN_CONSTANT_CONVERSION = YES;
				CLANG_WARN_DIRECT_OBJC_ISA_USAGE = YES_ERROR;
				CLANG_WARN_EMPTY_BODY = YES;
				CLANG_WARN_ENUM_CONVERSION = YES;
				CLANG_WARN_INT_CONVERSION = YES;
				CLANG_WARN_OBJC_ROOT_CLASS = YES_ERROR;
				CLANG_WARN_UNREACHABLE_CODE = YES;
				CLANG_WARN__DUPLICATE_METHOD_MATCH = YES;
				"CODE_SIGN_IDENTITY[sdk=iphoneos*]" = "iPhone Developer";
				COPY_PHASE_STRIP = NO;
				CURRENT_PROJECT_VERSION = 1;
				DEBUG_INFORMATION_FORMAT = "dwarf-with-dsym";
				ENABLE_NS_ASSERTIONS = NO;
				ENABLE_STRICT_OBJC_MSGSEND = YES;
				GCC_C_LANGUAGE_STANDARD = gnu99;
				GCC_NO_COMMON_BLOCKS = YES;
				GCC_WARN_64_TO_32_BIT_CONVERSION = YES;
				GCC_WARN_ABOUT_RETURN_TYPE = YES_ERROR;
				GCC_WARN_UNDECLARED_SELECTOR = YES;
				GCC_WARN_UNINITIALIZED_AUTOS = YES_AGGRESSIVE;
				GCC_WARN_UNUSED_FUNCTION = YES;
				GCC_WARN_UNUSED_VARIABLE = YES;
				IPHONEOS_DEPLOYMENT_TARGET = 8.0;
				MACOSX_DEPLOYMENT_TARGET = 10.9;
				MTL_ENABLE_DEBUG_INFO = NO;
				SDKROOT = iphoneos;
				TARGETED_DEVICE_FAMILY = "1,2";
				VALIDATE_PRODUCT = YES;
				VERSIONING_SYSTEM = "apple-generic";
				VERSION_INFO_PREFIX = "";
			};
			name = Release;
		};
		0076B4A71B8137070012CCD8 /* Debug */ = {
			isa = XCBuildConfiguration;
			buildSettings = {
				APPLICATION_EXTENSION_API_ONLY = YES;
				CODE_SIGN_IDENTITY = "iPhone Developer";
				DEFINES_MODULE = YES;
				DYLIB_COMPATIBILITY_VERSION = 1;
				DYLIB_CURRENT_VERSION = 1;
				DYLIB_INSTALL_NAME_BASE = "@rpath";
				INFOPLIST_FILE = "$(SRCROOT)/Sources/Info.plist";
				INSTALL_PATH = "$(LOCAL_LIBRARY_DIR)/Frameworks";
				IPHONEOS_DEPLOYMENT_TARGET = 8.0;
				LD_RUNPATH_SEARCH_PATHS = "$(inherited) @executable_path/Frameworks @loader_path/Frameworks";
				PRODUCT_BUNDLE_IDENTIFIER = "com.klundberg.$(PRODUCT_NAME:rfc1034identifier)";
				PRODUCT_NAME = Weakify;
				SKIP_INSTALL = YES;
			};
			name = Debug;
		};
		0076B4A81B8137070012CCD8 /* Release */ = {
			isa = XCBuildConfiguration;
			buildSettings = {
				APPLICATION_EXTENSION_API_ONLY = YES;
				CODE_SIGN_IDENTITY = "iPhone Developer";
				DEFINES_MODULE = YES;
				DYLIB_COMPATIBILITY_VERSION = 1;
				DYLIB_CURRENT_VERSION = 1;
				DYLIB_INSTALL_NAME_BASE = "@rpath";
				INFOPLIST_FILE = "$(SRCROOT)/Sources/Info.plist";
				INSTALL_PATH = "$(LOCAL_LIBRARY_DIR)/Frameworks";
				IPHONEOS_DEPLOYMENT_TARGET = 8.0;
				LD_RUNPATH_SEARCH_PATHS = "$(inherited) @executable_path/Frameworks @loader_path/Frameworks";
				PRODUCT_BUNDLE_IDENTIFIER = "com.klundberg.$(PRODUCT_NAME:rfc1034identifier)";
				PRODUCT_NAME = Weakify;
				SKIP_INSTALL = YES;
			};
			name = Release;
		};
		0076B4AA1B8137070012CCD8 /* Debug */ = {
			isa = XCBuildConfiguration;
			baseConfigurationReference = D2400C61E22A8D60ECCC23CC /* Pods-Weakify-iOSTests.debug.xcconfig */;
			buildSettings = {
				GCC_PREPROCESSOR_DEFINITIONS = (
					"DEBUG=1",
					"$(inherited)",
				);
				INFOPLIST_FILE = WeakifyTests/Info.plist;
				LD_RUNPATH_SEARCH_PATHS = "$(inherited) @executable_path/Frameworks @loader_path/Frameworks";
				PRODUCT_BUNDLE_IDENTIFIER = "com.klundberg.$(PRODUCT_NAME:rfc1034identifier)";
				PRODUCT_NAME = "$(TARGET_NAME)";
			};
			name = Debug;
		};
		0076B4AB1B8137070012CCD8 /* Release */ = {
			isa = XCBuildConfiguration;
			baseConfigurationReference = A0E542B263D19D5C8D38F61C /* Pods-Weakify-iOSTests.release.xcconfig */;
			buildSettings = {
				INFOPLIST_FILE = WeakifyTests/Info.plist;
				LD_RUNPATH_SEARCH_PATHS = "$(inherited) @executable_path/Frameworks @loader_path/Frameworks";
				PRODUCT_BUNDLE_IDENTIFIER = "com.klundberg.$(PRODUCT_NAME:rfc1034identifier)";
				PRODUCT_NAME = "$(TARGET_NAME)";
			};
			name = Release;
		};
		792982F21BE1D967006CCA66 /* Debug */ = {
			isa = XCBuildConfiguration;
			buildSettings = {
				APPLICATION_EXTENSION_API_ONLY = YES;
				DEBUG_INFORMATION_FORMAT = dwarf;
				DEFINES_MODULE = YES;
				DYLIB_COMPATIBILITY_VERSION = 1;
				DYLIB_CURRENT_VERSION = 1;
				DYLIB_INSTALL_NAME_BASE = "@rpath";
				INFOPLIST_FILE = "$(SRCROOT)/Sources/Info.plist";
				INSTALL_PATH = "$(LOCAL_LIBRARY_DIR)/Frameworks";
				LD_RUNPATH_SEARCH_PATHS = "$(inherited) @executable_path/Frameworks @loader_path/Frameworks";
				PRODUCT_BUNDLE_IDENTIFIER = "com.klundberg.Weakify-tvOS";
				PRODUCT_NAME = Weakify;
				SDKROOT = appletvos;
				SKIP_INSTALL = YES;
				TARGETED_DEVICE_FAMILY = 3;
				TVOS_DEPLOYMENT_TARGET = 9.0;
			};
			name = Debug;
		};
		792982F31BE1D967006CCA66 /* Release */ = {
			isa = XCBuildConfiguration;
			buildSettings = {
				APPLICATION_EXTENSION_API_ONLY = YES;
				DEFINES_MODULE = YES;
				DYLIB_COMPATIBILITY_VERSION = 1;
				DYLIB_CURRENT_VERSION = 1;
				DYLIB_INSTALL_NAME_BASE = "@rpath";
				INFOPLIST_FILE = "$(SRCROOT)/Sources/Info.plist";
				INSTALL_PATH = "$(LOCAL_LIBRARY_DIR)/Frameworks";
				LD_RUNPATH_SEARCH_PATHS = "$(inherited) @executable_path/Frameworks @loader_path/Frameworks";
				PRODUCT_BUNDLE_IDENTIFIER = "com.klundberg.Weakify-tvOS";
				PRODUCT_NAME = Weakify;
				SDKROOT = appletvos;
				SKIP_INSTALL = YES;
				TARGETED_DEVICE_FAMILY = 3;
				TVOS_DEPLOYMENT_TARGET = 9.0;
			};
			name = Release;
		};
		792982F41BE1D967006CCA66 /* Debug */ = {
			isa = XCBuildConfiguration;
			baseConfigurationReference = 6FDBD52D36BD4B7B63A77828 /* Pods-Weakify-tvOSTests.debug.xcconfig */;
			buildSettings = {
				DEBUG_INFORMATION_FORMAT = dwarf;
				INFOPLIST_FILE = WeakifyTests/Info.plist;
				LD_RUNPATH_SEARCH_PATHS = "$(inherited) @executable_path/Frameworks @loader_path/Frameworks";
				PRODUCT_BUNDLE_IDENTIFIER = "com.klundberg.Weakify-tvOSTests";
				PRODUCT_NAME = "$(TARGET_NAME)";
				SDKROOT = appletvos;
				TVOS_DEPLOYMENT_TARGET = 9.0;
			};
			name = Debug;
		};
		792982F51BE1D967006CCA66 /* Release */ = {
			isa = XCBuildConfiguration;
			baseConfigurationReference = 8003561416F09546738329D0 /* Pods-Weakify-tvOSTests.release.xcconfig */;
			buildSettings = {
				INFOPLIST_FILE = WeakifyTests/Info.plist;
				LD_RUNPATH_SEARCH_PATHS = "$(inherited) @executable_path/Frameworks @loader_path/Frameworks";
				PRODUCT_BUNDLE_IDENTIFIER = "com.klundberg.Weakify-tvOSTests";
				PRODUCT_NAME = "$(TARGET_NAME)";
				SDKROOT = appletvos;
				TVOS_DEPLOYMENT_TARGET = 9.0;
			};
			name = Release;
		};
		795CFEFD1BA132AD008B20FD /* Debug */ = {
			isa = XCBuildConfiguration;
			buildSettings = {
				DEBUG_INFORMATION_FORMAT = dwarf;
				DEFINES_MODULE = YES;
				DYLIB_COMPATIBILITY_VERSION = 1;
				DYLIB_CURRENT_VERSION = 1;
				DYLIB_INSTALL_NAME_BASE = "@rpath";
				INFOPLIST_FILE = Sources/Info.plist;
				INSTALL_PATH = "$(LOCAL_LIBRARY_DIR)/Frameworks";
				LD_RUNPATH_SEARCH_PATHS = "$(inherited) @executable_path/Frameworks @loader_path/Frameworks";
				PRODUCT_BUNDLE_IDENTIFIER = com.klundberg.Weakify;
				PRODUCT_NAME = Weakify;
				SDKROOT = watchos;
				SKIP_INSTALL = YES;
				TARGETED_DEVICE_FAMILY = 4;
				WATCHOS_DEPLOYMENT_TARGET = 2.0;
			};
			name = Debug;
		};
		795CFEFE1BA132AD008B20FD /* Release */ = {
			isa = XCBuildConfiguration;
			buildSettings = {
				DEFINES_MODULE = YES;
				DYLIB_COMPATIBILITY_VERSION = 1;
				DYLIB_CURRENT_VERSION = 1;
				DYLIB_INSTALL_NAME_BASE = "@rpath";
				INFOPLIST_FILE = Sources/Info.plist;
				INSTALL_PATH = "$(LOCAL_LIBRARY_DIR)/Frameworks";
				LD_RUNPATH_SEARCH_PATHS = "$(inherited) @executable_path/Frameworks @loader_path/Frameworks";
				PRODUCT_BUNDLE_IDENTIFIER = com.klundberg.Weakify;
				PRODUCT_NAME = Weakify;
				SDKROOT = watchos;
				SKIP_INSTALL = YES;
				TARGETED_DEVICE_FAMILY = 4;
				WATCHOS_DEPLOYMENT_TARGET = 2.0;
			};
			name = Release;
		};
		795D9DB81B968A7C00C428E4 /* Debug */ = {
			isa = XCBuildConfiguration;
			buildSettings = {
				APPLICATION_EXTENSION_API_ONLY = YES;
				COMBINE_HIDPI_IMAGES = YES;
				DEBUG_INFORMATION_FORMAT = dwarf;
				DEFINES_MODULE = YES;
				DYLIB_COMPATIBILITY_VERSION = 1;
				DYLIB_CURRENT_VERSION = 1;
				DYLIB_INSTALL_NAME_BASE = "@rpath";
				FRAMEWORK_VERSION = A;
				GCC_PREPROCESSOR_DEFINITIONS = (
					"DEBUG=1",
					"$(inherited)",
				);
				INFOPLIST_FILE = "$(SRCROOT)/Sources/Info.plist";
				INSTALL_PATH = "$(LOCAL_LIBRARY_DIR)/Frameworks";
				LD_RUNPATH_SEARCH_PATHS = "$(inherited) @executable_path/../Frameworks @loader_path/Frameworks";
				MACOSX_DEPLOYMENT_TARGET = 10.9;
				PRODUCT_BUNDLE_IDENTIFIER = "com.klundberg.$(PRODUCT_NAME:rfc1034identifier)";
				PRODUCT_NAME = Weakify;
				SDKROOT = macosx;
				SKIP_INSTALL = YES;
			};
			name = Debug;
		};
		795D9DB91B968A7C00C428E4 /* Release */ = {
			isa = XCBuildConfiguration;
			buildSettings = {
				APPLICATION_EXTENSION_API_ONLY = YES;
				COMBINE_HIDPI_IMAGES = YES;
				DEFINES_MODULE = YES;
				DYLIB_COMPATIBILITY_VERSION = 1;
				DYLIB_CURRENT_VERSION = 1;
				DYLIB_INSTALL_NAME_BASE = "@rpath";
				FRAMEWORK_VERSION = A;
				INFOPLIST_FILE = "$(SRCROOT)/Sources/Info.plist";
				INSTALL_PATH = "$(LOCAL_LIBRARY_DIR)/Frameworks";
				LD_RUNPATH_SEARCH_PATHS = "$(inherited) @executable_path/../Frameworks @loader_path/Frameworks";
				MACOSX_DEPLOYMENT_TARGET = 10.9;
				PRODUCT_BUNDLE_IDENTIFIER = "com.klundberg.$(PRODUCT_NAME:rfc1034identifier)";
				PRODUCT_NAME = Weakify;
				SDKROOT = macosx;
				SKIP_INSTALL = YES;
			};
			name = Release;
		};
		795D9DBB1B968A7C00C428E4 /* Debug */ = {
			isa = XCBuildConfiguration;
			baseConfigurationReference = EDB63B2CBAA02779F392C2EB /* Pods-Weakify-OSXTests.debug.xcconfig */;
			buildSettings = {
				COMBINE_HIDPI_IMAGES = YES;
				DEBUG_INFORMATION_FORMAT = dwarf;
				GCC_PREPROCESSOR_DEFINITIONS = (
					"DEBUG=1",
					"$(inherited)",
				);
				INFOPLIST_FILE = WeakifyTests/Info.plist;
				LD_RUNPATH_SEARCH_PATHS = "$(inherited) @executable_path/../Frameworks @loader_path/../Frameworks";
				MACOSX_DEPLOYMENT_TARGET = 10.10;
				PRODUCT_BUNDLE_IDENTIFIER = "com.klundberg.$(PRODUCT_NAME:rfc1034identifier)";
				PRODUCT_NAME = "$(TARGET_NAME)";
				SDKROOT = macosx;
			};
			name = Debug;
		};
		795D9DBC1B968A7C00C428E4 /* Release */ = {
			isa = XCBuildConfiguration;
			baseConfigurationReference = EF6EA5B4DB9E25146FD99765 /* Pods-Weakify-OSXTests.release.xcconfig */;
			buildSettings = {
				COMBINE_HIDPI_IMAGES = YES;
				INFOPLIST_FILE = WeakifyTests/Info.plist;
				LD_RUNPATH_SEARCH_PATHS = "$(inherited) @executable_path/../Frameworks @loader_path/../Frameworks";
				MACOSX_DEPLOYMENT_TARGET = 10.10;
				PRODUCT_BUNDLE_IDENTIFIER = "com.klundberg.$(PRODUCT_NAME:rfc1034identifier)";
				PRODUCT_NAME = "$(TARGET_NAME)";
				SDKROOT = macosx;
			};
			name = Release;
		};
/* End XCBuildConfiguration section */

/* Begin XCConfigurationList section */
		0076B48A1B8137070012CCD8 /* Build configuration list for PBXProject "Weakify" */ = {
			isa = XCConfigurationList;
			buildConfigurations = (
				0076B4A41B8137070012CCD8 /* Debug */,
				0076B4A51B8137070012CCD8 /* Release */,
			);
			defaultConfigurationIsVisible = 0;
			defaultConfigurationName = Release;
		};
		0076B4A61B8137070012CCD8 /* Build configuration list for PBXNativeTarget "Weakify-iOS" */ = {
			isa = XCConfigurationList;
			buildConfigurations = (
				0076B4A71B8137070012CCD8 /* Debug */,
				0076B4A81B8137070012CCD8 /* Release */,
			);
			defaultConfigurationIsVisible = 0;
			defaultConfigurationName = Release;
		};
		0076B4A91B8137070012CCD8 /* Build configuration list for PBXNativeTarget "Weakify-iOSTests" */ = {
			isa = XCConfigurationList;
			buildConfigurations = (
				0076B4AA1B8137070012CCD8 /* Debug */,
				0076B4AB1B8137070012CCD8 /* Release */,
			);
			defaultConfigurationIsVisible = 0;
			defaultConfigurationName = Release;
		};
		792982F61BE1D967006CCA66 /* Build configuration list for PBXNativeTarget "Weakify-tvOS" */ = {
			isa = XCConfigurationList;
			buildConfigurations = (
				792982F21BE1D967006CCA66 /* Debug */,
				792982F31BE1D967006CCA66 /* Release */,
			);
			defaultConfigurationIsVisible = 0;
			defaultConfigurationName = Release;
		};
		792982F71BE1D967006CCA66 /* Build configuration list for PBXNativeTarget "Weakify-tvOSTests" */ = {
			isa = XCConfigurationList;
			buildConfigurations = (
				792982F41BE1D967006CCA66 /* Debug */,
				792982F51BE1D967006CCA66 /* Release */,
			);
			defaultConfigurationIsVisible = 0;
			defaultConfigurationName = Release;
		};
		795CFEFC1BA132AD008B20FD /* Build configuration list for PBXNativeTarget "Weakify-watchOS" */ = {
			isa = XCConfigurationList;
			buildConfigurations = (
				795CFEFD1BA132AD008B20FD /* Debug */,
				795CFEFE1BA132AD008B20FD /* Release */,
			);
			defaultConfigurationIsVisible = 0;
			defaultConfigurationName = Release;
		};
		795D9DB71B968A7C00C428E4 /* Build configuration list for PBXNativeTarget "Weakify-OSX" */ = {
			isa = XCConfigurationList;
			buildConfigurations = (
				795D9DB81B968A7C00C428E4 /* Debug */,
				795D9DB91B968A7C00C428E4 /* Release */,
			);
			defaultConfigurationIsVisible = 0;
			defaultConfigurationName = Release;
		};
		795D9DBA1B968A7C00C428E4 /* Build configuration list for PBXNativeTarget "Weakify-OSXTests" */ = {
			isa = XCConfigurationList;
			buildConfigurations = (
				795D9DBB1B968A7C00C428E4 /* Debug */,
				795D9DBC1B968A7C00C428E4 /* Release */,
			);
			defaultConfigurationIsVisible = 0;
			defaultConfigurationName = Release;
		};
/* End XCConfigurationList section */
	};
	rootObject = 0076B4871B8137070012CCD8 /* Project object */;
}
